
Microsoft Visual Studio Solution File, Format Version 12.00
# Visual Studio Version 16
VisualStudioVersion = 16.0.29509.3
MinimumVisualStudioVersion = 10.0.40219.1
Project("{2150E333-8FDC-42A3-9474-1A3956D46DE8}") = "Solution Items", "Solution Items", "{AD5466CB-28B5-49B6-8013-03A8F933C60C}"
	ProjectSection(SolutionItems) = preProject
		README.md = README.md
	EndProjectSection
EndProject
Project("{2150E333-8FDC-42A3-9474-1A3956D46DE8}") = "Tests", "Tests", "{2D48C712-F854-4207-9110-896908D3BE20}"
EndProject
Project("{9A19103F-16F7-4668-BE54-9A1E7A4F7556}") = "Web.Tests", "tests\Web.Tests\Web.Tests.csproj", "{6DE88D98-0B4D-43E6-B012-CF42BA20504D}"
EndProject
Project("{9A19103F-16F7-4668-BE54-9A1E7A4F7556}") = "Services.Tests", "tests\Services.Tests\Services.Tests.csproj", "{D440D56C-7496-4EE9-B16A-C5710F8F4457}"
EndProject
Project("{9A19103F-16F7-4668-BE54-9A1E7A4F7556}") = "BlueTapeCrew.EndToEndTests", "tests\BlueTapeCrew.EndToEndTests\BlueTapeCrew.EndToEndTests.csproj", "{4362F173-8CD4-40CE-BA5B-AA35C04381A8}"
EndProject
Project("{9A19103F-16F7-4668-BE54-9A1E7A4F7556}") = "Btc.Tests", "tests\Btc.Tests\Btc.Tests.csproj", "{F47AD5AF-DB73-4F2C-9E00-1D08C889BD17}"
EndProject
Project("{9A19103F-16F7-4668-BE54-9A1E7A4F7556}") = "Repositories", "src\Repositories\Repositories.csproj", "{CA4684DE-85C8-4E44-ACA3-CCB6F7F201D4}"
EndProject
Project("{9A19103F-16F7-4668-BE54-9A1E7A4F7556}") = "Services", "src\Services\Services.csproj", "{67D56719-29D3-4585-97D1-48B24D91E697}"
EndProject
Project("{9A19103F-16F7-4668-BE54-9A1E7A4F7556}") = "Site", "src\Site\Site.csproj", "{AD1B69B9-92E8-4561-B8E2-B9BFE2FADB96}"
EndProject
Global
	GlobalSection(SolutionConfigurationPlatforms) = preSolution
		Debug|Any CPU = Debug|Any CPU
		Release|Any CPU = Release|Any CPU
	EndGlobalSection
	GlobalSection(ProjectConfigurationPlatforms) = postSolution
		{6DE88D98-0B4D-43E6-B012-CF42BA20504D}.Debug|Any CPU.ActiveCfg = Debug|Any CPU
		{6DE88D98-0B4D-43E6-B012-CF42BA20504D}.Debug|Any CPU.Build.0 = Debug|Any CPU
		{6DE88D98-0B4D-43E6-B012-CF42BA20504D}.Release|Any CPU.ActiveCfg = Release|Any CPU
		{6DE88D98-0B4D-43E6-B012-CF42BA20504D}.Release|Any CPU.Build.0 = Release|Any CPU
		{D440D56C-7496-4EE9-B16A-C5710F8F4457}.Debug|Any CPU.ActiveCfg = Debug|Any CPU
		{D440D56C-7496-4EE9-B16A-C5710F8F4457}.Debug|Any CPU.Build.0 = Debug|Any CPU
		{D440D56C-7496-4EE9-B16A-C5710F8F4457}.Release|Any CPU.ActiveCfg = Release|Any CPU
		{D440D56C-7496-4EE9-B16A-C5710F8F4457}.Release|Any CPU.Build.0 = Release|Any CPU
		{4362F173-8CD4-40CE-BA5B-AA35C04381A8}.Debug|Any CPU.ActiveCfg = Debug|Any CPU
		{4362F173-8CD4-40CE-BA5B-AA35C04381A8}.Debug|Any CPU.Build.0 = Debug|Any CPU
		{4362F173-8CD4-40CE-BA5B-AA35C04381A8}.Release|Any CPU.ActiveCfg = Release|Any CPU
		{4362F173-8CD4-40CE-BA5B-AA35C04381A8}.Release|Any CPU.Build.0 = Release|Any CPU
		{F47AD5AF-DB73-4F2C-9E00-1D08C889BD17}.Debug|Any CPU.ActiveCfg = Debug|Any CPU
		{F47AD5AF-DB73-4F2C-9E00-1D08C889BD17}.Debug|Any CPU.Build.0 = Debug|Any CPU
		{F47AD5AF-DB73-4F2C-9E00-1D08C889BD17}.Release|Any CPU.ActiveCfg = Release|Any CPU
		{F47AD5AF-DB73-4F2C-9E00-1D08C889BD17}.Release|Any CPU.Build.0 = Release|Any CPU
		{CA4684DE-85C8-4E44-ACA3-CCB6F7F201D4}.Debug|Any CPU.ActiveCfg = Debug|Any CPU
		{CA4684DE-85C8-4E44-ACA3-CCB6F7F201D4}.Debug|Any CPU.Build.0 = Debug|Any CPU
		{CA4684DE-85C8-4E44-ACA3-CCB6F7F201D4}.Release|Any CPU.ActiveCfg = Release|Any CPU
		{CA4684DE-85C8-4E44-ACA3-CCB6F7F201D4}.Release|Any CPU.Build.0 = Release|Any CPU
		{67D56719-29D3-4585-97D1-48B24D91E697}.Debug|Any CPU.ActiveCfg = Debug|Any CPU
		{67D56719-29D3-4585-97D1-48B24D91E697}.Debug|Any CPU.Build.0 = Debug|Any CPU
		{67D56719-29D3-4585-97D1-48B24D91E697}.Release|Any CPU.ActiveCfg = Release|Any CPU
		{67D56719-29D3-4585-97D1-48B24D91E697}.Release|Any CPU.Build.0 = Release|Any CPU
		{AD1B69B9-92E8-4561-B8E2-B9BFE2FADB96}.Debug|Any CPU.ActiveCfg = Debug|Any CPU
		{AD1B69B9-92E8-4561-B8E2-B9BFE2FADB96}.Debug|Any CPU.Build.0 = Debug|Any CPU
		{AD1B69B9-92E8-4561-B8E2-B9BFE2FADB96}.Release|Any CPU.ActiveCfg = Release|Any CPU
		{AD1B69B9-92E8-4561-B8E2-B9BFE2FADB96}.Release|Any CPU.Build.0 = Release|Any CPU
	EndGlobalSection
	GlobalSection(SolutionProperties) = preSolution
		HideSolutionNode = FALSE
	EndGlobalSection
	GlobalSection(NestedProjects) = preSolution
		{6DE88D98-0B4D-43E6-B012-CF42BA20504D} = {2D48C712-F854-4207-9110-896908D3BE20}
		{D440D56C-7496-4EE9-B16A-C5710F8F4457} = {2D48C712-F854-4207-9110-896908D3BE20}
		{4362F173-8CD4-40CE-BA5B-AA35C04381A8} = {2D48C712-F854-4207-9110-896908D3BE20}
		{F47AD5AF-DB73-4F2C-9E00-1D08C889BD17} = {2D48C712-F854-4207-9110-896908D3BE20}
	EndGlobalSection
	GlobalSection(ExtensibilityGlobals) = postSolution
		SolutionGuid = {B46A7C2E-552C-4489-AB60-468C798CA303}
	EndGlobalSection
EndGlobal
