
Microsoft Visual Studio Solution File, Format Version 12.00
# Visual Studio Version 16
VisualStudioVersion = 16.0.29509.3
MinimumVisualStudioVersion = 10.0.40219.1
Project("{2150E333-8FDC-42A3-9474-1A3956D46DE8}") = "Solution Items", "Solution Items", "{AD5466CB-28B5-49B6-8013-03A8F933C60C}"
	ProjectSection(SolutionItems) = preProject
		README.md = README.md
	EndProjectSection
EndProject
Project("{FAE04EC0-301F-11D3-BF4B-00C04F79EFBC}") = "Repositories", "Repositories\Repositories.csproj", "{13AF2727-5F3C-41D0-92ED-D39423EE0940}"
EndProject
Project("{FAE04EC0-301F-11D3-BF4B-00C04F79EFBC}") = "Services", "Services\Services.csproj", "{39CA8D0A-09CF-4403-80BD-BF3736D9BA65}"
EndProject
Project("{9A19103F-16F7-4668-BE54-9A1E7A4F7556}") = "BlueTapeCrew", "BlueTapeCrew\BlueTapeCrew.csproj", "{F5E45FF8-BFC4-4096-9E93-95465318B29C}"
EndProject
Global
	GlobalSection(SolutionConfigurationPlatforms) = preSolution
		Debug|Any CPU = Debug|Any CPU
		Release|Any CPU = Release|Any CPU
	EndGlobalSection
	GlobalSection(ProjectConfigurationPlatforms) = postSolution
		{13AF2727-5F3C-41D0-92ED-D39423EE0940}.Debug|Any CPU.ActiveCfg = Debug|Any CPU
		{13AF2727-5F3C-41D0-92ED-D39423EE0940}.Debug|Any CPU.Build.0 = Debug|Any CPU
		{13AF2727-5F3C-41D0-92ED-D39423EE0940}.Release|Any CPU.ActiveCfg = Release|Any CPU
		{13AF2727-5F3C-41D0-92ED-D39423EE0940}.Release|Any CPU.Build.0 = Release|Any CPU
		{39CA8D0A-09CF-4403-80BD-BF3736D9BA65}.Debug|Any CPU.ActiveCfg = Debug|Any CPU
		{39CA8D0A-09CF-4403-80BD-BF3736D9BA65}.Debug|Any CPU.Build.0 = Debug|Any CPU
		{39CA8D0A-09CF-4403-80BD-BF3736D9BA65}.Release|Any CPU.ActiveCfg = Release|Any CPU
		{39CA8D0A-09CF-4403-80BD-BF3736D9BA65}.Release|Any CPU.Build.0 = Release|Any CPU
		{F5E45FF8-BFC4-4096-9E93-95465318B29C}.Debug|Any CPU.ActiveCfg = Debug|Any CPU
		{F5E45FF8-BFC4-4096-9E93-95465318B29C}.Debug|Any CPU.Build.0 = Debug|Any CPU
		{F5E45FF8-BFC4-4096-9E93-95465318B29C}.Release|Any CPU.ActiveCfg = Release|Any CPU
		{F5E45FF8-BFC4-4096-9E93-95465318B29C}.Release|Any CPU.Build.0 = Release|Any CPU
	EndGlobalSection
	GlobalSection(SolutionProperties) = preSolution
		HideSolutionNode = FALSE
	EndGlobalSection
	GlobalSection(ExtensibilityGlobals) = postSolution
		SolutionGuid = {B46A7C2E-552C-4489-AB60-468C798CA303}
	EndGlobalSection
EndGlobal
